{
  "name": "react-peer-chat",
  "version": "0.1.12",
  "lockfileVersion": 3,
  "requires": true,
  "packages": {
    "": {
      "name": "react-peer-chat",
      "version": "0.1.12",
      "license": "MIT",
      "dependencies": {
        "peerjs": "^1.5.0"
      },
      "devDependencies": {
        "@types/react": "^18.2.21"
      },
      "peerDependencies": {
        "react": ">=16.0.0",
        "react-dom": ">=16.0.0"
      }
    },
    "node_modules/@cbor-extract/cbor-extract-darwin-arm64": {
      "version": "2.1.1",
      "resolved": "https://registry.npmjs.org/@cbor-extract/cbor-extract-darwin-arm64/-/cbor-extract-darwin-arm64-2.1.1.tgz",
      "integrity": "sha512-blVBy5MXz6m36Vx0DfLd7PChOQKEs8lK2bD1WJn/vVgG4FXZiZmZb2GECHFvVPA5T7OnODd9xZiL3nMCv6QUhA==",
      "cpu": [
        "arm64"
      ],
      "optional": true,
      "os": [
        "darwin"
      ]
    },
    "node_modules/@cbor-extract/cbor-extract-darwin-x64": {
      "version": "2.1.1",
      "resolved": "https://registry.npmjs.org/@cbor-extract/cbor-extract-darwin-x64/-/cbor-extract-darwin-x64-2.1.1.tgz",
      "integrity": "sha512-h6KFOzqk8jXTvkOftyRIWGrd7sKQzQv2jVdTL9nKSf3D2drCvQB/LHUxAOpPXo3pv2clDtKs3xnHalpEh3rDsw==",
      "cpu": [
        "x64"
      ],
      "optional": true,
      "os": [
        "darwin"
      ]
    },
    "node_modules/@cbor-extract/cbor-extract-linux-arm": {
      "version": "2.1.1",
      "resolved": "https://registry.npmjs.org/@cbor-extract/cbor-extract-linux-arm/-/cbor-extract-linux-arm-2.1.1.tgz",
      "integrity": "sha512-ds0uikdcIGUjPyraV4oJqyVE5gl/qYBpa/Wnh6l6xLE2lj/hwnjT2XcZCChdXwW/YFZ1LUHs6waoYN8PmK0nKQ==",
      "cpu": [
        "arm"
      ],
      "optional": true,
      "os": [
        "linux"
      ]
    },
    "node_modules/@cbor-extract/cbor-extract-linux-arm64": {
      "version": "2.1.1",
      "resolved": "https://registry.npmjs.org/@cbor-extract/cbor-extract-linux-arm64/-/cbor-extract-linux-arm64-2.1.1.tgz",
      "integrity": "sha512-SxAaRcYf8S0QHaMc7gvRSiTSr7nUYMqbUdErBEu+HYA4Q6UNydx1VwFE68hGcp1qvxcy9yT5U7gA+a5XikfwSQ==",
      "cpu": [
        "arm64"
      ],
      "optional": true,
      "os": [
        "linux"
      ]
    },
    "node_modules/@cbor-extract/cbor-extract-linux-x64": {
      "version": "2.1.1",
      "resolved": "https://registry.npmjs.org/@cbor-extract/cbor-extract-linux-x64/-/cbor-extract-linux-x64-2.1.1.tgz",
      "integrity": "sha512-GVK+8fNIE9lJQHAlhOROYiI0Yd4bAZ4u++C2ZjlkS3YmO6hi+FUxe6Dqm+OKWTcMpL/l71N6CQAmaRcb4zyJuA==",
      "cpu": [
        "x64"
      ],
      "optional": true,
      "os": [
        "linux"
      ]
    },
    "node_modules/@cbor-extract/cbor-extract-win32-x64": {
      "version": "2.1.1",
      "resolved": "https://registry.npmjs.org/@cbor-extract/cbor-extract-win32-x64/-/cbor-extract-win32-x64-2.1.1.tgz",
      "integrity": "sha512-2Niq1C41dCRIDeD8LddiH+mxGlO7HJ612Ll3D/E73ZWBmycued+8ghTr/Ho3CMOWPUEr08XtyBMVXAjqF+TcKw==",
      "cpu": [
        "x64"
      ],
      "optional": true,
      "os": [
        "win32"
      ]
    },
    "node_modules/@msgpack/msgpack": {
      "version": "2.8.0",
      "resolved": "https://registry.npmjs.org/@msgpack/msgpack/-/msgpack-2.8.0.tgz",
      "integrity": "sha512-h9u4u/jiIRKbq25PM+zymTyW6bhTzELvOoUd+AvYriWOAKpLGnIamaET3pnHYoI5iYphAHBI4ayx0MehR+VVPQ==",
      "engines": {
        "node": ">= 10"
      }
    },
    "node_modules/@types/prop-types": {
      "version": "15.7.5",
      "resolved": "https://registry.npmjs.org/@types/prop-types/-/prop-types-15.7.5.tgz",
      "integrity": "sha512-JCB8C6SnDoQf0cNycqd/35A7MjcnK+ZTqE7judS6o7utxUCg6imJg3QK2qzHKszlTjcj2cn+NwMB2i96ubpj7w==",
      "dev": true
    },
    "node_modules/@types/react": {
      "version": "18.2.21",
      "resolved": "https://registry.npmjs.org/@types/react/-/react-18.2.21.tgz",
      "integrity": "sha512-neFKG/sBAwGxHgXiIxnbm3/AAVQ/cMRS93hvBpg8xYRbeQSPVABp9U2bRnPf0iI4+Ucdv3plSxKK+3CW2ENJxA==",
      "dev": true,
      "dependencies": {
        "@types/prop-types": "*",
        "@types/scheduler": "*",
        "csstype": "^3.0.2"
      }
    },
    "node_modules/@types/scheduler": {
      "version": "0.16.3",
      "resolved": "https://registry.npmjs.org/@types/scheduler/-/scheduler-0.16.3.tgz",
      "integrity": "sha512-5cJ8CB4yAx7BH1oMvdU0Jh9lrEXyPkar6F9G/ERswkCuvP4KQZfZkSjcMbAICCpQTN4OuZn8tz0HiKv9TGZgrQ==",
      "dev": true
    },
    "node_modules/cbor-extract": {
      "version": "2.1.1",
      "resolved": "https://registry.npmjs.org/cbor-extract/-/cbor-extract-2.1.1.tgz",
      "integrity": "sha512-1UX977+L+zOJHsp0mWFG13GLwO6ucKgSmSW6JTl8B9GUvACvHeIVpFqhU92299Z6PfD09aTXDell5p+lp1rUFA==",
      "hasInstallScript": true,
      "optional": true,
      "dependencies": {
        "node-gyp-build-optional-packages": "5.0.3"
      },
      "bin": {
        "download-cbor-prebuilds": "bin/download-prebuilds.js"
      },
      "optionalDependencies": {
        "@cbor-extract/cbor-extract-darwin-arm64": "2.1.1",
        "@cbor-extract/cbor-extract-darwin-x64": "2.1.1",
        "@cbor-extract/cbor-extract-linux-arm": "2.1.1",
        "@cbor-extract/cbor-extract-linux-arm64": "2.1.1",
        "@cbor-extract/cbor-extract-linux-x64": "2.1.1",
        "@cbor-extract/cbor-extract-win32-x64": "2.1.1"
      }
    },
    "node_modules/cbor-x": {
      "version": "1.5.4",
      "resolved": "https://registry.npmjs.org/cbor-x/-/cbor-x-1.5.4.tgz",
      "integrity": "sha512-PVKILDn+Rf6MRhhcyzGXi5eizn1i0i3F8Fe6UMMxXBnWkalq9+C5+VTmlIjAYM4iF2IYF2N+zToqAfYOp+3rfw==",
      "optionalDependencies": {
        "cbor-extract": "^2.1.1"
      }
    },
    "node_modules/csstype": {
      "version": "3.1.2",
      "resolved": "https://registry.npmjs.org/csstype/-/csstype-3.1.2.tgz",
      "integrity": "sha512-I7K1Uu0MBPzaFKg4nI5Q7Vs2t+3gWWW648spaF+Rg7pI9ds18Ugn+lvg4SHczUdKlHI5LWBXyqfS8+DufyBsgQ==",
      "dev": true
    },
    "node_modules/eventemitter3": {
      "version": "4.0.7",
      "resolved": "https://registry.npmjs.org/eventemitter3/-/eventemitter3-4.0.7.tgz",
      "integrity": "sha512-8guHBZCwKnFhYdHr2ysuRWErTwhoN2X8XELRlrRwpmfeY2jjuUN4taQMsULKUVo1K4DvZl+0pgfyoysHxvmvEw=="
    },
    "node_modules/js-tokens": {
      "version": "4.0.0",
      "resolved": "https://registry.npmjs.org/js-tokens/-/js-tokens-4.0.0.tgz",
      "integrity": "sha512-RdJUflcE3cUzKiMqQgsCu06FPu9UdIJO0beYbPhHN4k6apgJtifcoCtT9bcxOpYBtpD2kCM6Sbzg4CausW/PKQ==",
      "peer": true
    },
    "node_modules/loose-envify": {
      "version": "1.4.0",
      "resolved": "https://registry.npmjs.org/loose-envify/-/loose-envify-1.4.0.tgz",
      "integrity": "sha512-lyuxPGr/Wfhrlem2CL/UcnUc1zcqKAImBDzukY7Y5F/yQiNdko6+fRLevlw1HgMySw7f611UIY408EtxRSoK3Q==",
      "peer": true,
      "dependencies": {
        "js-tokens": "^3.0.0 || ^4.0.0"
      },
      "bin": {
        "loose-envify": "cli.js"
      }
    },
    "node_modules/node-gyp-build-optional-packages": {
      "version": "5.0.3",
      "resolved": "https://registry.npmjs.org/node-gyp-build-optional-packages/-/node-gyp-build-optional-packages-5.0.3.tgz",
      "integrity": "sha512-k75jcVzk5wnnc/FMxsf4udAoTEUv2jY3ycfdSd3yWu6Cnd1oee6/CfZJApyscA4FJOmdoixWwiwOyf16RzD5JA==",
      "optional": true,
      "bin": {
        "node-gyp-build-optional-packages": "bin.js",
        "node-gyp-build-optional-packages-optional": "optional.js",
        "node-gyp-build-optional-packages-test": "build-test.js"
      }
    },
    "node_modules/peerjs": {
      "version": "1.5.0",
      "resolved": "https://registry.npmjs.org/peerjs/-/peerjs-1.5.0.tgz",
      "integrity": "sha512-NLZ73jRNE4aLq2pmVTiSkWmwf6cvt9cH72qJHnzaLH+I2CtoWVvY42U9/O0/tYE6UYwRYJ1ktKRs2DdZ1Jrgcg==",
      "dependencies": {
        "@msgpack/msgpack": "^2.8.0",
        "cbor-x": "^1.5.3",
        "eventemitter3": "^4.0.7",
        "peerjs-js-binarypack": "^2.0.0",
        "webrtc-adapter": "^8.0.0"
      },
      "engines": {
        "node": ">= 14"
      },
      "funding": {
        "type": "opencollective",
        "url": "https://opencollective.com/peer"
      }
    },
    "node_modules/peerjs-js-binarypack": {
      "version": "2.0.0",
      "resolved": "https://registry.npmjs.org/peerjs-js-binarypack/-/peerjs-js-binarypack-2.0.0.tgz",
      "integrity": "sha512-wu+L0Qeg4IH2DXm3B6xKP5ODeCIovwEEO/Fu3MVqApPQeVLzSdZpFzQzPobh+sdhUWMQGEO7YxHeiwpPngLjqQ==",
      "engines": {
        "node": ">= 14.0.0"
      },
      "funding": {
        "type": "opencollective",
        "url": "https://opencollective.com/peer"
      }
    },
    "node_modules/react": {
      "version": "18.2.0",
      "resolved": "https://registry.npmjs.org/react/-/react-18.2.0.tgz",
      "integrity": "sha512-/3IjMdb2L9QbBdWiW5e3P2/npwMBaU9mHCSCUzNln0ZCYbcfTsGbTJrU/kGemdH2IWmB2ioZ+zkxtmq6g09fGQ==",
      "peer": true,
      "dependencies": {
        "loose-envify": "^1.1.0"
      },
      "engines": {
        "node": ">=0.10.0"
      }
    },
    "node_modules/react-dom": {
      "version": "18.2.0",
      "resolved": "https://registry.npmjs.org/react-dom/-/react-dom-18.2.0.tgz",
      "integrity": "sha512-6IMTriUmvsjHUjNtEDudZfuDQUoWXVxKHhlEGSk81n4YFS+r/Kl99wXiwlVXtPBtJenozv2P+hxDsw9eA7Xo6g==",
      "peer": true,
      "dependencies": {
        "loose-envify": "^1.1.0",
        "scheduler": "^0.23.0"
      },
      "peerDependencies": {
        "react": "^18.2.0"
      }
    },
    "node_modules/scheduler": {
      "version": "0.23.0",
      "resolved": "https://registry.npmjs.org/scheduler/-/scheduler-0.23.0.tgz",
      "integrity": "sha512-CtuThmgHNg7zIZWAXi3AsyIzA3n4xx7aNyjwC2VJldO2LMVDhFK+63xGqq6CsJH4rTAt6/M+N4GhZiDYPx9eUw==",
      "peer": true,
      "dependencies": {
        "loose-envify": "^1.1.0"
      }
    },
    "node_modules/sdp": {
      "version": "3.2.0",
      "resolved": "https://registry.npmjs.org/sdp/-/sdp-3.2.0.tgz",
      "integrity": "sha512-d7wDPgDV3DDiqulJjKiV2865wKsJ34YI+NDREbm+FySq6WuKOikwyNQcm+doLAZ1O6ltdO0SeKle2xMpN3Brgw=="
    },
    "node_modules/webrtc-adapter": {
      "version": "8.2.3",
      "resolved": "https://registry.npmjs.org/webrtc-adapter/-/webrtc-adapter-8.2.3.tgz",
      "integrity": "sha512-gnmRz++suzmvxtp3ehQts6s2JtAGPuDPjA1F3a9ckNpG1kYdYuHWYpazoAnL9FS5/B21tKlhkorbdCXat0+4xQ==",
      "dependencies": {
        "sdp": "^3.2.0"
      },
      "engines": {
        "node": ">=6.0.0",
        "npm": ">=3.10.0"
      }
    }
  }
}
